
Microsoft Visual Studio Solution File, Format Version 12.00
# Visual Studio Version 16
VisualStudioVersion = 16.0.29519.181
MinimumVisualStudioVersion = 10.0.40219.1
Project("{FAE04EC0-301F-11D3-BF4B-00C04F79EFBC}") = "airbookings", "airbookings\airbookings.csproj", "{88125F7F-E92E-42D0-8D71-9DF32CDF794C}"
EndProject
Global
	GlobalSection(SolutionConfigurationPlatforms) = preSolution
		Debug|Any CPU = Debug|Any CPU
		Release|Any CPU = Release|Any CPU
	EndGlobalSection
	GlobalSection(ProjectConfigurationPlatforms) = postSolution
		{88125F7F-E92E-42D0-8D71-9DF32CDF794C}.Debug|Any CPU.ActiveCfg = Debug|Any CPU
		{88125F7F-E92E-42D0-8D71-9DF32CDF794C}.Debug|Any CPU.Build.0 = Debug|Any CPU
		{88125F7F-E92E-42D0-8D71-9DF32CDF794C}.Release|Any CPU.ActiveCfg = Release|Any CPU
		{88125F7F-E92E-42D0-8D71-9DF32CDF794C}.Release|Any CPU.Build.0 = Release|Any CPU
	EndGlobalSection
	GlobalSection(SolutionProperties) = preSolution
		HideSolutionNode = FALSE
	EndGlobalSection
	GlobalSection(ExtensibilityGlobals) = postSolution
		SolutionGuid = {4FA73111-E415-403A-BF0C-A6FD102508BB}
	EndGlobalSection
EndGlobal
